{
  "version": 4,
  "terraform_version": "1.11.4",
  "serial": 3,
  "lineage": "66f6db4e-c705-9af5-4e4e-38ab75edbbd2",
  "outputs": {},
  "resources": [
    {
      "mode": "managed",
      "type": "vercel_project",
      "name": "Portfolio",
      "provider": "provider[\"registry.terraform.io/vercel/vercel\"]",
      "instances": [
        {
          "status": "tainted",
          "schema_version": 0,
          "attributes": {
            "build_command": null,
            "dev_command": null,
            "environment": null,
            "framework": "nextjs",
            "git_repository": {
              "repo": "Wiii-1/Cloud_Paas",
              "type": "github"
            },
            "id": "prj_NtXFj5e0TF5aAkAqk3FD7nz5xaBi",
            "ignore_command": null,
            "install_command": null,
            "name": "portfolio",
            "output_directory": null,
            "public_source": null,
            "root_directory": null,
            "serverless_function_region": "iad1",
            "team_id": null
          },
          "sensitive_attributes": []
        }
      ]
    }
  ],
  "check_results": null
}
