{
  "version": 4,
  "terraform_version": "1.11.4",
  "serial": 3,
  "lineage": "3634caaf-0fdd-b7d1-b5b1-2258f9998582",
  "outputs": {
    "Portfolio": {
      "value": {
        "build_command": null,
        "dev_command": null,
        "environment": null,
        "framework": null,
        "git_repository": {
          "production_branch": "main",
          "repo": "Wiii-1/Cloud_Paas",
          "type": "github"
        },
        "id": "prj_0zZF4EG9apC1gC6xcPXrribHgqsA",
        "ignore_command": null,
        "install_command": null,
        "name": "portfolio-terraform",
        "output_directory": null,
        "public_source": null,
        "root_directory": null,
        "serverless_function_region": "iad1",
        "team_id": null
      },
      "type": [
        "object",
        {
          "build_command": "string",
          "dev_command": "string",
          "environment": [
            "set",
            [
              "object",
              {
                "git_branch": "string",
                "id": "string",
                "key": "string",
                "target": [
                  "set",
                  "string"
                ],
                "value": "string"
              }
            ]
          ],
          "framework": "string",
          "git_repository": [
            "object",
            {
              "production_branch": "string",
              "repo": "string",
              "type": "string"
            }
          ],
          "id": "string",
          "ignore_command": "string",
          "install_command": "string",
          "name": "string",
          "output_directory": "string",
          "public_source": "bool",
          "root_directory": "string",
          "serverless_function_region": "string",
          "team_id": "string"
        }
      ]
    }
  },
  "resources": [
    {
      "mode": "managed",
      "type": "vercel_project",
      "name": "Portfolio",
      "provider": "provider[\"registry.terraform.io/vercel/vercel\"]",
      "instances": [
        {
          "schema_version": 0,
          "attributes": {
            "build_command": null,
            "dev_command": null,
            "environment": null,
            "framework": null,
            "git_repository": {
              "production_branch": "main",
              "repo": "Wiii-1/Cloud_Paas",
              "type": "github"
            },
            "id": "prj_0zZF4EG9apC1gC6xcPXrribHgqsA",
            "ignore_command": null,
            "install_command": null,
            "name": "portfolio-terraform",
            "output_directory": null,
            "public_source": null,
            "root_directory": null,
            "serverless_function_region": "iad1",
            "team_id": null
          },
          "sensitive_attributes": []
        }
      ]
    },
    {
      "mode": "managed",
      "type": "vercel_project_environment_variable",
      "name": "db_url",
      "provider": "provider[\"registry.terraform.io/vercel/vercel\"]",
      "instances": [
        {
          "schema_version": 0,
          "attributes": {
            "git_branch": null,
            "id": "FaXB8Bz3EGXHhzco",
            "key": "DATABASE_URL",
            "project_id": "prj_0zZF4EG9apC1gC6xcPXrribHgqsA",
            "target": [
              "production"
            ],
            "team_id": null,
            "value": "jdbc:postgresql://ep-rapid-smoke-a1vwvg99-pooler.ap-southeast-1.aws.neon.tech/Suggestions?user=Suggestions_owner\u0026password=npg_E9pAC0eOwSKP\u0026sslmode=require"
          },
          "sensitive_attributes": [
            [
              {
                "type": "get_attr",
                "value": "value"
              }
            ]
          ],
          "dependencies": [
            "vercel_project.Portfolio"
          ]
        }
      ]
    }
  ],
  "check_results": null
}
