{
  "version": 4,
  "terraform_version": "1.11.4",
  "serial": 25,
  "lineage": "66f6db4e-c705-9af5-4e4e-38ab75edbbd2",
  "outputs": {
    "Portfolio": {
      "value": {
        "build_command": null,
        "dev_command": null,
        "environment": null,
        "framework": "nextjs",
        "git_repository": {
          "production_branch": "main",
          "repo": "Wiii-1/Cloud_Paas",
          "type": "github"
        },
        "id": "prj_v6PPt8jAydlMdS72k6V0nyNvCz4R",
        "ignore_command": null,
        "install_command": null,
        "name": "portfolio-terraform",
        "output_directory": null,
        "public_source": null,
        "root_directory": null,
        "serverless_function_region": "iad1",
        "team_id": null
      },
      "type": [
        "object",
        {
          "build_command": "string",
          "dev_command": "string",
          "environment": [
            "set",
            [
              "object",
              {
                "git_branch": "string",
                "id": "string",
                "key": "string",
                "target": [
                  "set",
                  "string"
                ],
                "value": "string"
              }
            ]
          ],
          "framework": "string",
          "git_repository": [
            "object",
            {
              "production_branch": "string",
              "repo": "string",
              "type": "string"
            }
          ],
          "id": "string",
          "ignore_command": "string",
          "install_command": "string",
          "name": "string",
          "output_directory": "string",
          "public_source": "bool",
          "root_directory": "string",
          "serverless_function_region": "string",
          "team_id": "string"
        }
      ]
    }
  },
  "resources": [
    {
      "mode": "managed",
      "type": "vercel_project",
      "name": "Portfolio",
      "provider": "provider[\"registry.terraform.io/vercel/vercel\"]",
      "instances": [
        {
          "schema_version": 0,
          "attributes": {
            "build_command": null,
            "dev_command": null,
            "environment": null,
            "framework": "nextjs",
            "git_repository": {
              "production_branch": "main",
              "repo": "Wiii-1/Cloud_Paas",
              "type": "github"
            },
            "id": "prj_v6PPt8jAydlMdS72k6V0nyNvCz4R",
            "ignore_command": null,
            "install_command": null,
            "name": "portfolio-terraform",
            "output_directory": null,
            "public_source": null,
            "root_directory": null,
            "serverless_function_region": "iad1",
            "team_id": null
          },
          "sensitive_attributes": []
        }
      ]
    }
  ],
  "check_results": null
}
